Microsoft Visual Studio Solution File, Format Version 12.00
# Visual Studio Version 17
VisualStudioVersion = 17.2.32616.157
MinimumVisualStudioVersion = 10.0.40219.1
Project("{9A19103F-16F7-4668-BE54-9A1E7A4F7556}") = "Core", "Source\Core\Core.csproj", "{03D38CA3-6DDF-4052-90C2-A070833945B8}"
EndProject
Project("{9A19103F-16F7-4668-BE54-9A1E7A4F7556}") = "Core.Data", "Source\Core.Data\Core.Data.csproj", "{B6C8BEEB-90DE-4E8E-BDB7-22CF5809F12C}"
EndProject
Project("{9A19103F-16F7-4668-BE54-9A1E7A4F7556}") = "Core.Data.Sqlite", "Source\Core.Data.Sqlite\Core.Data.Sqlite.csproj", "{454C57C9-452B-4C39-BF56-C18B302FE65A}"
EndProject
Project("{9A19103F-16F7-4668-BE54-9A1E7A4F7556}") = "Core.Internet", "Source\Core.Internet\Core.Internet.csproj", "{F72EE5BE-F021-44D7-925F-F885689F36E1}"
EndProject
Project("{9A19103F-16F7-4668-BE54-9A1E7A4F7556}") = "Core.Io", "Source\Core.Io\Core.Io.csproj", "{8C52D1AA-938C-4309-B3B0-160F72F3A415}"
EndProject
Project("{9A19103F-16F7-4668-BE54-9A1E7A4F7556}") = "Core.Markup", "Source\Core.Markup\Core.Markup.csproj", "{2F604523-1D16-4B95-8F34-EAEAE06BA402}"
EndProject
Project("{9A19103F-16F7-4668-BE54-9A1E7A4F7556}") = "Core.Services", "Source\Core.Services\Core.Services.csproj", "{DD78E9C1-4856-4B0D-8B02-585F2F875772}"
EndProject
Project("{9A19103F-16F7-4668-BE54-9A1E7A4F7556}") = "Core.WinForms", "Source\Core.WinForms\Core.WinForms.csproj", "{F7A9268A-3F14-46A7-9F05-65265D9EC26A}"
EndProject
Project("{9A19103F-16F7-4668-BE54-9A1E7A4F7556}") = "Core.Zip", "Source\Core.Zip\Core.Zip.csproj", "{7A5C44B8-0BC3-4206-BE3F-1FDAE9BBFC68}"
EndProject
Project("{9A19103F-16F7-4668-BE54-9A1E7A4F7556}") = "Core.Json", "Source\Core.Json\Core.Json.csproj", "{39E0DC6C-47E0-429F-9858-94FDC5AC38FF}"
EndProject
Project("{9A19103F-16F7-4668-BE54-9A1E7A4F7556}") = "Core.Tests", "Source\Core.Tests\Core.Tests.csproj", "{917916E4-D81C-4128-AFFB-DE11E39DD3D6}"
EndProject
Project("{9A19103F-16F7-4668-BE54-9A1E7A4F7556}") = "Core.WinForms.Tests", "Source\Core.WinForms.Tests\Core.WinForms.Tests.csproj", "{D38F95F0-62CE-4495-8FB6-E6B883ECB965}"
EndProject
Project("{FAE04EC0-301F-11D3-BF4B-00C04F79EFBC}") = "Core.Markdown", "Source\Core.Markdown\Core.Markdown.csproj", "{7FE39A8F-6A81-4B70-8CC0-8867FC629275}"
EndProject
Global
	GlobalSection(SolutionConfigurationPlatforms) = preSolution
		Debug|Any CPU = Debug|Any CPU
		Release|Any CPU = Release|Any CPU
	EndGlobalSection
	GlobalSection(ProjectConfigurationPlatforms) = postSolution
		{03D38CA3-6DDF-4052-90C2-A070833945B8}.Debug|Any CPU.ActiveCfg = Debug|Any CPU
		{03D38CA3-6DDF-4052-90C2-A070833945B8}.Debug|Any CPU.Build.0 = Debug|Any CPU
		{03D38CA3-6DDF-4052-90C2-A070833945B8}.Release|Any CPU.ActiveCfg = Release|Any CPU
		{03D38CA3-6DDF-4052-90C2-A070833945B8}.Release|Any CPU.Build.0 = Release|Any CPU
		{B6C8BEEB-90DE-4E8E-BDB7-22CF5809F12C}.Debug|Any CPU.ActiveCfg = Debug|Any CPU
		{B6C8BEEB-90DE-4E8E-BDB7-22CF5809F12C}.Debug|Any CPU.Build.0 = Debug|Any CPU
		{B6C8BEEB-90DE-4E8E-BDB7-22CF5809F12C}.Release|Any CPU.ActiveCfg = Release|Any CPU
		{B6C8BEEB-90DE-4E8E-BDB7-22CF5809F12C}.Release|Any CPU.Build.0 = Release|Any CPU
		{454C57C9-452B-4C39-BF56-C18B302FE65A}.Debug|Any CPU.ActiveCfg = Debug|Any CPU
		{454C57C9-452B-4C39-BF56-C18B302FE65A}.Debug|Any CPU.Build.0 = Debug|Any CPU
		{454C57C9-452B-4C39-BF56-C18B302FE65A}.Release|Any CPU.ActiveCfg = Release|Any CPU
		{454C57C9-452B-4C39-BF56-C18B302FE65A}.Release|Any CPU.Build.0 = Release|Any CPU
		{F72EE5BE-F021-44D7-925F-F885689F36E1}.Debug|Any CPU.ActiveCfg = Debug|Any CPU
		{F72EE5BE-F021-44D7-925F-F885689F36E1}.Debug|Any CPU.Build.0 = Debug|Any CPU
		{F72EE5BE-F021-44D7-925F-F885689F36E1}.Release|Any CPU.ActiveCfg = Release|Any CPU
		{F72EE5BE-F021-44D7-925F-F885689F36E1}.Release|Any CPU.Build.0 = Release|Any CPU
		{8C52D1AA-938C-4309-B3B0-160F72F3A415}.Debug|Any CPU.ActiveCfg = Debug|Any CPU
		{8C52D1AA-938C-4309-B3B0-160F72F3A415}.Debug|Any CPU.Build.0 = Debug|Any CPU
		{8C52D1AA-938C-4309-B3B0-160F72F3A415}.Release|Any CPU.ActiveCfg = Release|Any CPU
		{8C52D1AA-938C-4309-B3B0-160F72F3A415}.Release|Any CPU.Build.0 = Release|Any CPU
		{2F604523-1D16-4B95-8F34-EAEAE06BA402}.Debug|Any CPU.ActiveCfg = Debug|Any CPU
		{2F604523-1D16-4B95-8F34-EAEAE06BA402}.Debug|Any CPU.Build.0 = Debug|Any CPU
		{2F604523-1D16-4B95-8F34-EAEAE06BA402}.Release|Any CPU.ActiveCfg = Release|Any CPU
		{2F604523-1D16-4B95-8F34-EAEAE06BA402}.Release|Any CPU.Build.0 = Release|Any CPU
		{DD78E9C1-4856-4B0D-8B02-585F2F875772}.Debug|Any CPU.ActiveCfg = Debug|Any CPU
		{DD78E9C1-4856-4B0D-8B02-585F2F875772}.Debug|Any CPU.Build.0 = Debug|Any CPU
		{DD78E9C1-4856-4B0D-8B02-585F2F875772}.Release|Any CPU.ActiveCfg = Release|Any CPU
		{DD78E9C1-4856-4B0D-8B02-585F2F875772}.Release|Any CPU.Build.0 = Release|Any CPU
		{F7A9268A-3F14-46A7-9F05-65265D9EC26A}.Debug|Any CPU.ActiveCfg = Debug|Any CPU
		{F7A9268A-3F14-46A7-9F05-65265D9EC26A}.Debug|Any CPU.Build.0 = Debug|Any CPU
		{F7A9268A-3F14-46A7-9F05-65265D9EC26A}.Release|Any CPU.ActiveCfg = Release|Any CPU
		{F7A9268A-3F14-46A7-9F05-65265D9EC26A}.Release|Any CPU.Build.0 = Release|Any CPU
		{7A5C44B8-0BC3-4206-BE3F-1FDAE9BBFC68}.Debug|Any CPU.ActiveCfg = Debug|Any CPU
		{7A5C44B8-0BC3-4206-BE3F-1FDAE9BBFC68}.Debug|Any CPU.Build.0 = Debug|Any CPU
		{7A5C44B8-0BC3-4206-BE3F-1FDAE9BBFC68}.Release|Any CPU.ActiveCfg = Release|Any CPU
		{7A5C44B8-0BC3-4206-BE3F-1FDAE9BBFC68}.Release|Any CPU.Build.0 = Release|Any CPU
		{39E0DC6C-47E0-429F-9858-94FDC5AC38FF}.Debug|Any CPU.ActiveCfg = Debug|Any CPU
		{39E0DC6C-47E0-429F-9858-94FDC5AC38FF}.Debug|Any CPU.Build.0 = Debug|Any CPU
		{39E0DC6C-47E0-429F-9858-94FDC5AC38FF}.Release|Any CPU.ActiveCfg = Release|Any CPU
		{39E0DC6C-47E0-429F-9858-94FDC5AC38FF}.Release|Any CPU.Build.0 = Release|Any CPU
		{917916E4-D81C-4128-AFFB-DE11E39DD3D6}.Debug|Any CPU.ActiveCfg = Debug|Any CPU
		{917916E4-D81C-4128-AFFB-DE11E39DD3D6}.Debug|Any CPU.Build.0 = Debug|Any CPU
		{917916E4-D81C-4128-AFFB-DE11E39DD3D6}.Release|Any CPU.ActiveCfg = Release|Any CPU
		{917916E4-D81C-4128-AFFB-DE11E39DD3D6}.Release|Any CPU.Build.0 = Release|Any CPU
		{D38F95F0-62CE-4495-8FB6-E6B883ECB965}.Debug|Any CPU.ActiveCfg = Debug|Any CPU
		{D38F95F0-62CE-4495-8FB6-E6B883ECB965}.Debug|Any CPU.Build.0 = Debug|Any CPU
		{D38F95F0-62CE-4495-8FB6-E6B883ECB965}.Release|Any CPU.ActiveCfg = Release|Any CPU
		{D38F95F0-62CE-4495-8FB6-E6B883ECB965}.Release|Any CPU.Build.0 = Release|Any CPU
		{7FE39A8F-6A81-4B70-8CC0-8867FC629275}.Debug|Any CPU.ActiveCfg = Debug|Any CPU
		{7FE39A8F-6A81-4B70-8CC0-8867FC629275}.Debug|Any CPU.Build.0 = Debug|Any CPU
		{7FE39A8F-6A81-4B70-8CC0-8867FC629275}.Release|Any CPU.ActiveCfg = Release|Any CPU
		{7FE39A8F-6A81-4B70-8CC0-8867FC629275}.Release|Any CPU.Build.0 = Release|Any CPU
	EndGlobalSection
	GlobalSection(SolutionProperties) = preSolution
		HideSolutionNode = FALSE
	EndGlobalSection
	GlobalSection(ExtensibilityGlobals) = postSolution
		SolutionGuid = {E7A1E7E9-0842-410F-947E-36E1359D3E57}
	EndGlobalSection
EndGlobal
